{
  "version": "5",
  "specifiers": {
    "jsr:@std/cli@1": "1.0.27",
    "jsr:@std/fmt@1": "1.0.9"
  },
  "jsr": {
    "@std/cli@1.0.27": {
      "integrity": "eba97edd0891871a7410e835dd94b3c260c709cca5983df2689c25a71fbe04de"
    },
    "@std/fmt@1.0.9": {
      "integrity": "2487343e8899fb2be5d0e3d35013e54477ada198854e52dd05ed0422eddcabe0"
    }
  },
  "remote": {
    "https://raw.githubusercontent.com/babarot/c-c-statusline/main/bin/install.ts": "6c9e1cebb8124736b71521c6f5657f2cbd98d9f8af4da7411a89e3675f8ef9ed"
  },
  "workspace": {
    "dependencies": [
      "jsr:@std/cli@1",
      "jsr:@std/fmt@1"
    ]
  }
}
